
Microsoft Visual Studio Solution File, Format Version 12.00
# Visual Studio 2012
Project("{8BC9CEB8-8B4A-11D0-8D11-00A0C91BC942}") = "LABA_OC_4", "LABA_OC_4\LABA_OC_4.vcxproj", "{3149444B-4057-4384-88E4-14DA10627887}"
EndProject
Global
	GlobalSection(SolutionConfigurationPlatforms) = preSolution
		Debug|Win32 = Debug|Win32
		Release|Win32 = Release|Win32
	EndGlobalSection
	GlobalSection(ProjectConfigurationPlatforms) = postSolution
		{3149444B-4057-4384-88E4-14DA10627887}.Debug|Win32.ActiveCfg = Debug|Win32
		{3149444B-4057-4384-88E4-14DA10627887}.Debug|Win32.Build.0 = Debug|Win32
		{3149444B-4057-4384-88E4-14DA10627887}.Release|Win32.ActiveCfg = Release|Win32
		{3149444B-4057-4384-88E4-14DA10627887}.Release|Win32.Build.0 = Release|Win32
	EndGlobalSection
	GlobalSection(SolutionProperties) = preSolution
		HideSolutionNode = FALSE
	EndGlobalSection
EndGlobal
