
Microsoft Visual Studio Solution File, Format Version 12.00
# Visual Studio 2012
Project("{8BC9CEB8-8B4A-11D0-8D11-00A0C91BC942}") = "Result", "Result\Result.vcxproj", "{767FC786-8CAE-4A2F-8055-00DC53EC888E}"
EndProject
Global
	GlobalSection(SolutionConfigurationPlatforms) = preSolution
		Debug|Win32 = Debug|Win32
		Release|Win32 = Release|Win32
	EndGlobalSection
	GlobalSection(ProjectConfigurationPlatforms) = postSolution
		{767FC786-8CAE-4A2F-8055-00DC53EC888E}.Debug|Win32.ActiveCfg = Debug|Win32
		{767FC786-8CAE-4A2F-8055-00DC53EC888E}.Debug|Win32.Build.0 = Debug|Win32
		{767FC786-8CAE-4A2F-8055-00DC53EC888E}.Release|Win32.ActiveCfg = Release|Win32
		{767FC786-8CAE-4A2F-8055-00DC53EC888E}.Release|Win32.Build.0 = Release|Win32
	EndGlobalSection
	GlobalSection(SolutionProperties) = preSolution
		HideSolutionNode = FALSE
	EndGlobalSection
EndGlobal
